
Microsoft Visual Studio Solution File, Format Version 12.00
# Visual Studio Version 17
VisualStudioVersion = 17.5.33502.453
MinimumVisualStudioVersion = 10.0.40219.1
Project("{FAE04EC0-301F-11D3-BF4B-00C04F79EFBC}") = "devTicket", "devTicket.csproj", "{78EBB87C-1CB0-4C14-B287-AFDE86109AFF}"
EndProject
Global
	GlobalSection(SolutionConfigurationPlatforms) = preSolution
		Debug|Any CPU = Debug|Any CPU
		Release|Any CPU = Release|Any CPU
	EndGlobalSection
	GlobalSection(ProjectConfigurationPlatforms) = postSolution
		{78EBB87C-1CB0-4C14-B287-AFDE86109AFF}.Debug|Any CPU.ActiveCfg = Debug|Any CPU
		{78EBB87C-1CB0-4C14-B287-AFDE86109AFF}.Debug|Any CPU.Build.0 = Debug|Any CPU
		{78EBB87C-1CB0-4C14-B287-AFDE86109AFF}.Release|Any CPU.ActiveCfg = Release|Any CPU
		{78EBB87C-1CB0-4C14-B287-AFDE86109AFF}.Release|Any CPU.Build.0 = Release|Any CPU
	EndGlobalSection
	GlobalSection(SolutionProperties) = preSolution
		HideSolutionNode = FALSE
	EndGlobalSection
	GlobalSection(ExtensibilityGlobals) = postSolution
		SolutionGuid = {D8C0B1F5-A944-471A-A904-A91F99143340}
	EndGlobalSection
EndGlobal
